
Microsoft Visual Studio Solution File, Format Version 12.00
# Visual Studio Version 17
VisualStudioVersion = 17.6.33815.320
MinimumVisualStudioVersion = 10.0.40219.1
Project("{FAE04EC0-301F-11D3-BF4B-00C04F79EFBC}") = "PetsCareConsole2.0", "PetsCareConsole2.0.csproj", "{EE7F5EC9-1F08-490D-A36C-4157A514D7BF}"
EndProject
Global
	GlobalSection(SolutionConfigurationPlatforms) = preSolution
		Debug|Any CPU = Debug|Any CPU
		Release|Any CPU = Release|Any CPU
	EndGlobalSection
	GlobalSection(ProjectConfigurationPlatforms) = postSolution
		{EE7F5EC9-1F08-490D-A36C-4157A514D7BF}.Debug|Any CPU.ActiveCfg = Debug|Any CPU
		{EE7F5EC9-1F08-490D-A36C-4157A514D7BF}.Debug|Any CPU.Build.0 = Debug|Any CPU
		{EE7F5EC9-1F08-490D-A36C-4157A514D7BF}.Release|Any CPU.ActiveCfg = Release|Any CPU
		{EE7F5EC9-1F08-490D-A36C-4157A514D7BF}.Release|Any CPU.Build.0 = Release|Any CPU
	EndGlobalSection
	GlobalSection(SolutionProperties) = preSolution
		HideSolutionNode = FALSE
	EndGlobalSection
	GlobalSection(ExtensibilityGlobals) = postSolution
		SolutionGuid = {1CED0396-0193-4FB1-8A5A-36FDC8126550}
	EndGlobalSection
EndGlobal
